
Microsoft Visual Studio Solution File, Format Version 12.00
# Visual Studio Version 16
VisualStudioVersion = 16.0.30717.126
MinimumVisualStudioVersion = 10.0.40219.1
Project("{FAE04EC0-301F-11D3-BF4B-00C04F79EFBC}") = "Aula1", "Aula1\Aula1.csproj", "{E7364551-096F-4E81-9E88-9E57A726FAEB}"
EndProject
Global
	GlobalSection(SolutionConfigurationPlatforms) = preSolution
		Debug|Any CPU = Debug|Any CPU
		Release|Any CPU = Release|Any CPU
	EndGlobalSection
	GlobalSection(ProjectConfigurationPlatforms) = postSolution
		{E7364551-096F-4E81-9E88-9E57A726FAEB}.Debug|Any CPU.ActiveCfg = Debug|Any CPU
		{E7364551-096F-4E81-9E88-9E57A726FAEB}.Debug|Any CPU.Build.0 = Debug|Any CPU
		{E7364551-096F-4E81-9E88-9E57A726FAEB}.Release|Any CPU.ActiveCfg = Release|Any CPU
		{E7364551-096F-4E81-9E88-9E57A726FAEB}.Release|Any CPU.Build.0 = Release|Any CPU
	EndGlobalSection
	GlobalSection(SolutionProperties) = preSolution
		HideSolutionNode = FALSE
	EndGlobalSection
	GlobalSection(ExtensibilityGlobals) = postSolution
		SolutionGuid = {2E189A86-E55E-48D4-AF63-8C3BF27DD71B}
	EndGlobalSection
EndGlobal
